PODS:
  - Operations/+AddressBook (3.0.0):
    - Operations/Standard
  - Operations/+Photos (3.0.0):
    - Operations/Standard
  - Operations/Standard (3.0.0)
  - PureLayout (3.0.2)
  - SwiftyBeaver (0.6.3)
  - TaylorSource (2.0.0):
    - TaylorSource/Base (= 2.0.0)
  - TaylorSource/Base (2.0.0)

DEPENDENCIES:
  - Operations/+AddressBook
  - Operations/+Photos
  - PureLayout
  - SwiftyBeaver
  - TaylorSource (~> 2)

SPEC CHECKSUMS:
  Operations: c05cc4b2ad060201ab98cbacd5217876658b5f2c
  PureLayout: 4d550abe49a94f24c2808b9b95db9131685fe4cd
  SwiftyBeaver: c182c001d532111becf2285b8878abf54c7b5621
  TaylorSource: 86484ba9cf9374d51d4c17db1ad21ee5acba1277

PODFILE CHECKSUM: 047f1a45a186e1552ad91221e1079f2589cfc6e5

COCOAPODS: 1.0.1
